{
  "version": 4,
  "terraform_version": "0.12.13",
  "serial": 4,
  "lineage": "7062272e-1628-67a4-dd77-28050b1fcd13",
  "outputs": {},
  "resources": [
    {
      "module": "module.app_server",
      "mode": "data",
      "type": "azurerm_resource_group",
      "name": "network_rg",
      "provider": "provider.azurerm",
      "instances": [
        {
          "schema_version": 0,
          "attributes": {
            "id": "/subscriptions/7e41ed69-38e5-4b72-98ef-85c6830275c7/resourceGroups/RG-SAPLAB",
            "location": "northeurope",
            "name": "RG-SAPLAB",
            "tags": {
              "Environment": "Proof of Concept"
            },
            "timeouts": null
          }
        }
      ]
    },
    {
      "module": "module.db_server",
      "mode": "data",
      "type": "azurerm_resource_group",
      "name": "network_rg",
      "provider": "provider.azurerm",
      "instances": [
        {
          "schema_version": 0,
          "attributes": {
            "id": "/subscriptions/7e41ed69-38e5-4b72-98ef-85c6830275c7/resourceGroups/RG-SAPLAB",
            "location": "northeurope",
            "name": "RG-SAPLAB",
            "tags": {
              "Environment": "Proof of Concept"
            },
            "timeouts": null
          }
        }
      ]
    },
    {
      "module": "module.app_server",
      "mode": "data",
      "type": "azurerm_resource_group",
      "name": "rg",
      "provider": "provider.azurerm",
      "instances": [
        {
          "schema_version": 0,
          "attributes": {
            "id": "/subscriptions/7e41ed69-38e5-4b72-98ef-85c6830275c7/resourceGroups/RG-SAPLAB",
            "location": "northeurope",
            "name": "RG-SAPLAB",
            "tags": {
              "Environment": "Proof of Concept"
            },
            "timeouts": null
          }
        }
      ]
    },
    {
      "module": "module.db_server",
      "mode": "data",
      "type": "azurerm_resource_group",
      "name": "rg",
      "provider": "provider.azurerm",
      "instances": [
        {
          "schema_version": 0,
          "attributes": {
            "id": "/subscriptions/7e41ed69-38e5-4b72-98ef-85c6830275c7/resourceGroups/RG-SAPLAB",
            "location": "northeurope",
            "name": "RG-SAPLAB",
            "tags": {
              "Environment": "Proof of Concept"
            },
            "timeouts": null
          }
        }
      ]
    },
    {
      "module": "module.app_server",
      "mode": "data",
      "type": "azurerm_subnet",
      "name": "subnet",
      "provider": "provider.azurerm",
      "instances": [
        {
          "schema_version": 0,
          "attributes": {
            "address_prefix": "10.1.1.0/24",
            "enforce_private_link_service_network_policies": false,
            "id": "/subscriptions/7e41ed69-38e5-4b72-98ef-85c6830275c7/resourceGroups/RG-SAPLAB/providers/Microsoft.Network/virtualNetworks/VNET-SPOKE/subnets/SUBNET_SPOKE-APPLICATION",
            "ip_configurations": [],
            "name": "SUBNET_SPOKE-APPLICATION",
            "network_security_group_id": "/subscriptions/7e41ed69-38e5-4b72-98ef-85c6830275c7/resourceGroups/RG-SAPLAB/providers/Microsoft.Network/networkSecurityGroups/NSG-SPOKE-APPLICATION",
            "resource_group_name": "RG-SAPLAB",
            "route_table_id": "",
            "service_endpoints": [],
            "timeouts": null,
            "virtual_network_name": "VNET-SPOKE"
          },
          "depends_on": [
            "data.azurerm_resource_group.network_rg",
            "data.azurerm_virtual_network.vnet"
          ]
        }
      ]
    },
    {
      "module": "module.db_server",
      "mode": "data",
      "type": "azurerm_subnet",
      "name": "subnet",
      "provider": "provider.azurerm",
      "instances": [
        {
          "schema_version": 0,
          "attributes": {
            "address_prefix": "10.1.2.0/24",
            "enforce_private_link_service_network_policies": false,
            "id": "/subscriptions/7e41ed69-38e5-4b72-98ef-85c6830275c7/resourceGroups/RG-SAPLAB/providers/Microsoft.Network/virtualNetworks/VNET-SPOKE/subnets/SUBNET_SPOKE-DATABASE",
            "ip_configurations": [],
            "name": "SUBNET_SPOKE-DATABASE",
            "network_security_group_id": "/subscriptions/7e41ed69-38e5-4b72-98ef-85c6830275c7/resourceGroups/RG-SAPLAB/providers/Microsoft.Network/networkSecurityGroups/NSG-SPOKE-DATABASE",
            "resource_group_name": "RG-SAPLAB",
            "route_table_id": "",
            "service_endpoints": [],
            "timeouts": null,
            "virtual_network_name": "VNET-SPOKE"
          },
          "depends_on": [
            "data.azurerm_resource_group.network_rg",
            "data.azurerm_virtual_network.vnet"
          ]
        }
      ]
    },
    {
      "module": "module.app_server",
      "mode": "data",
      "type": "azurerm_virtual_network",
      "name": "vnet",
      "provider": "provider.azurerm",
      "instances": [
        {
          "schema_version": 0,
          "attributes": {
            "address_space": [
              "10.1.0.0/16"
            ],
            "address_spaces": [
              "10.1.0.0/16"
            ],
            "dns_servers": [],
            "id": "/subscriptions/7e41ed69-38e5-4b72-98ef-85c6830275c7/resourceGroups/RG-SAPLAB/providers/Microsoft.Network/virtualNetworks/VNET-SPOKE",
            "location": "northeurope",
            "name": "VNET-SPOKE",
            "resource_group_name": "RG-SAPLAB",
            "subnets": [
              "SUBNET_SPOKE-DATABASE",
              "SUBNET_SPOKE-APPLICATION"
            ],
            "timeouts": null,
            "vnet_peerings": {
              "SPOKE": "/subscriptions/7e41ed69-38e5-4b72-98ef-85c6830275c7/resourceGroups/RG-SAPLAB/providers/Microsoft.Network/virtualNetworks/VNET-HUB"
            }
          },
          "depends_on": [
            "data.azurerm_resource_group.network_rg"
          ]
        }
      ]
    },
    {
      "module": "module.db_server",
      "mode": "data",
      "type": "azurerm_virtual_network",
      "name": "vnet",
      "provider": "provider.azurerm",
      "instances": [
        {
          "schema_version": 0,
          "attributes": {
            "address_space": [
              "10.1.0.0/16"
            ],
            "address_spaces": [
              "10.1.0.0/16"
            ],
            "dns_servers": [],
            "id": "/subscriptions/7e41ed69-38e5-4b72-98ef-85c6830275c7/resourceGroups/RG-SAPLAB/providers/Microsoft.Network/virtualNetworks/VNET-SPOKE",
            "location": "northeurope",
            "name": "VNET-SPOKE",
            "resource_group_name": "RG-SAPLAB",
            "subnets": [
              "SUBNET_SPOKE-DATABASE",
              "SUBNET_SPOKE-APPLICATION"
            ],
            "timeouts": null,
            "vnet_peerings": {
              "SPOKE": "/subscriptions/7e41ed69-38e5-4b72-98ef-85c6830275c7/resourceGroups/RG-SAPLAB/providers/Microsoft.Network/virtualNetworks/VNET-HUB"
            }
          },
          "depends_on": [
            "data.azurerm_resource_group.network_rg"
          ]
        }
      ]
    },
    {
      "module": "module.app_server",
      "mode": "managed",
      "type": "azurerm_network_interface",
      "name": "app_server_nic",
      "each": "list",
      "provider": "provider.azurerm",
      "instances": [
        {
          "index_key": 0,
          "schema_version": 0,
          "attributes": {
            "applied_dns_servers": [],
            "dns_servers": [],
            "enable_accelerated_networking": false,
            "enable_ip_forwarding": false,
            "id": "/subscriptions/7e41ed69-38e5-4b72-98ef-85c6830275c7/resourceGroups/RG-SAPLAB/providers/Microsoft.Network/networkInterfaces/NIC_APP-azrhsp121",
            "internal_dns_name_label": "",
            "internal_fqdn": "",
            "ip_configuration": [
              {
                "application_gateway_backend_address_pools_ids": [],
                "application_security_group_ids": [],
                "load_balancer_backend_address_pools_ids": [],
                "load_balancer_inbound_nat_rules_ids": [],
                "name": "PVT_IP-10.1.1.21",
                "primary": true,
                "private_ip_address": "10.1.1.21",
                "private_ip_address_allocation": "static",
                "private_ip_address_version": "IPv4",
                "public_ip_address_id": "",
                "subnet_id": "/subscriptions/7e41ed69-38e5-4b72-98ef-85c6830275c7/resourceGroups/RG-SAPLAB/providers/Microsoft.Network/virtualNetworks/VNET-SPOKE/subnets/SUBNET_SPOKE-APPLICATION"
              }
            ],
            "location": "northeurope",
            "mac_address": "",
            "name": "NIC_APP-azrhsp121",
            "network_security_group_id": "",
            "private_ip_address": "10.1.1.21",
            "private_ip_addresses": [
              "10.1.1.21"
            ],
            "resource_group_name": "RG-SAPLAB",
            "tags": {
              "Backup": "false",
              "Component": "SAP Apps",
              "Environment": "Non-Prod",
              "Name": "azrhsp121"
            },
            "virtual_machine_id": null
          },
          "private": "bnVsbA==",
          "depends_on": [
            "data.azurerm_resource_group.rg",
            "data.azurerm_subnet.subnet"
          ]
        }
      ]
    },
    {
      "module": "module.db_server",
      "mode": "managed",
      "type": "azurerm_network_interface",
      "name": "db_server_nic",
      "each": "list",
      "provider": "provider.azurerm",
      "instances": [
        {
          "index_key": 0,
          "schema_version": 0,
          "attributes": {
            "applied_dns_servers": [],
            "dns_servers": [],
            "enable_accelerated_networking": true,
            "enable_ip_forwarding": false,
            "id": "/subscriptions/7e41ed69-38e5-4b72-98ef-85c6830275c7/resourceGroups/RG-SAPLAB/providers/Microsoft.Network/networkInterfaces/NIC_APP-azrhsp131",
            "internal_dns_name_label": "",
            "internal_fqdn": "",
            "ip_configuration": [
              {
                "application_gateway_backend_address_pools_ids": [],
                "application_security_group_ids": [],
                "load_balancer_backend_address_pools_ids": [],
                "load_balancer_inbound_nat_rules_ids": [],
                "name": "PVT_IP-10.1.2.31",
                "primary": true,
                "private_ip_address": "10.1.2.31",
                "private_ip_address_allocation": "static",
                "private_ip_address_version": "IPv4",
                "public_ip_address_id": "",
                "subnet_id": "/subscriptions/7e41ed69-38e5-4b72-98ef-85c6830275c7/resourceGroups/RG-SAPLAB/providers/Microsoft.Network/virtualNetworks/VNET-SPOKE/subnets/SUBNET_SPOKE-DATABASE"
              }
            ],
            "location": "northeurope",
            "mac_address": "",
            "name": "NIC_APP-azrhsp131",
            "network_security_group_id": "",
            "private_ip_address": "10.1.2.31",
            "private_ip_addresses": [
              "10.1.2.31"
            ],
            "resource_group_name": "RG-SAPLAB",
            "tags": {
              "Backup": "false",
              "Component": "SAP Database",
              "Environment": "Non-Prod",
              "Name": "azrhsp131"
            },
            "virtual_machine_id": null
          },
          "private": "bnVsbA==",
          "depends_on": [
            "data.azurerm_resource_group.rg",
            "data.azurerm_subnet.subnet"
          ]
        }
      ]
    },
    {
      "module": "module.app_server",
      "mode": "managed",
      "type": "azurerm_virtual_machine",
      "name": "app_server",
      "each": "list",
      "provider": "provider.azurerm",
      "instances": [
        {
          "index_key": 0,
          "schema_version": 0,
          "attributes": {
            "additional_capabilities": [],
            "availability_set_id": null,
            "boot_diagnostics": [],
            "delete_data_disks_on_termination": true,
            "delete_os_disk_on_termination": true,
            "id": "/subscriptions/7e41ed69-38e5-4b72-98ef-85c6830275c7/resourceGroups/RG-SAPLAB/providers/Microsoft.Compute/virtualMachines/azrhsp121",
            "identity": [],
            "license_type": null,
            "location": "northeurope",
            "name": "azrhsp121",
            "network_interface_ids": [
              "/subscriptions/7e41ed69-38e5-4b72-98ef-85c6830275c7/resourceGroups/RG-SAPLAB/providers/Microsoft.Network/networkInterfaces/NIC_APP-azrhsp121"
            ],
            "os_profile": [
              {
                "admin_password": "",
                "admin_username": "azureadmin",
                "computer_name": "azrhsp121",
                "custom_data": ""
              }
            ],
            "os_profile_linux_config": [
              {
                "disable_password_authentication": false,
                "ssh_keys": []
              }
            ],
            "os_profile_secrets": [],
            "os_profile_windows_config": [],
            "plan": [],
            "primary_network_interface_id": "/subscriptions/7e41ed69-38e5-4b72-98ef-85c6830275c7/resourceGroups/RG-SAPLAB/providers/Microsoft.Network/networkInterfaces/NIC_APP-azrhsp121",
            "proximity_placement_group_id": null,
            "resource_group_name": "RG-SAPLAB",
            "storage_data_disk": [
              {
                "caching": "None",
                "create_option": "Empty",
                "disk_size_gb": 128,
                "lun": 0,
                "managed_disk_id": "/subscriptions/7e41ed69-38e5-4b72-98ef-85c6830275c7/resourceGroups/RG-SAPLAB/providers/Microsoft.Compute/disks/usrsap-azrhsp121",
                "managed_disk_type": "Premium_LRS",
                "name": "usrsap-azrhsp121",
                "vhd_uri": "",
                "write_accelerator_enabled": false
              },
              {
                "caching": "None",
                "create_option": "Empty",
                "disk_size_gb": 32,
                "lun": 1,
                "managed_disk_id": "/subscriptions/7e41ed69-38e5-4b72-98ef-85c6830275c7/resourceGroups/RG-SAPLAB/providers/Microsoft.Compute/disks/usrsap_sed-azrhsp121",
                "managed_disk_type": "Premium_LRS",
                "name": "usrsap_sed-azrhsp121",
                "vhd_uri": "",
                "write_accelerator_enabled": false
              }
            ],
            "storage_image_reference": [
              {
                "id": "",
                "offer": "SLES-SAP",
                "publisher": "SUSE",
                "sku": "12-SP4",
                "version": "latest"
              }
            ],
            "storage_os_disk": [
              {
                "caching": "ReadWrite",
                "create_option": "FromImage",
                "disk_size_gb": 30,
                "image_uri": "",
                "managed_disk_id": "/subscriptions/7e41ed69-38e5-4b72-98ef-85c6830275c7/resourceGroups/RG-SAPLAB/providers/Microsoft.Compute/disks/OS-disk-azrhsp121",
                "managed_disk_type": "Premium_LRS",
                "name": "OS-disk-azrhsp121",
                "os_type": "Linux",
                "vhd_uri": "",
                "write_accelerator_enabled": false
              }
            ],
            "tags": {
              "Backup": "false",
              "Component": "SAP Apps",
              "Environment": "Non-Prod",
              "Name": "azrhsp121"
            },
            "vm_size": "Standard_E8s_v3",
            "zones": null
          },
          "private": "bnVsbA==",
          "depends_on": [
            "azurerm_network_interface.app_server_nic",
            "data.azurerm_resource_group.rg"
          ]
        }
      ]
    },
    {
      "module": "module.db_server",
      "mode": "managed",
      "type": "azurerm_virtual_machine",
      "name": "db_server",
      "each": "list",
      "provider": "provider.azurerm",
      "instances": []
    }
  ]
}
